
Microsoft Visual Studio Solution File, Format Version 12.00
# Visual Studio Version 17
VisualStudioVersion = 17.8.34525.116
MinimumVisualStudioVersion = 10.0.40219.1
Project("{FAE04EC0-301F-11D3-BF4B-00C04F79EFBC}") = "MyProjectForGitHubPractice", "MyProjectForGitHubPractice\MyProjectForGitHubPractice.csproj", "{DEA7EB50-85D1-4078-85D6-59D37428BF5B}"
EndProject
Global
	GlobalSection(SolutionConfigurationPlatforms) = preSolution
		Debug|Any CPU = Debug|Any CPU
		Release|Any CPU = Release|Any CPU
	EndGlobalSection
	GlobalSection(ProjectConfigurationPlatforms) = postSolution
		{DEA7EB50-85D1-4078-85D6-59D37428BF5B}.Debug|Any CPU.ActiveCfg = Debug|Any CPU
		{DEA7EB50-85D1-4078-85D6-59D37428BF5B}.Debug|Any CPU.Build.0 = Debug|Any CPU
		{DEA7EB50-85D1-4078-85D6-59D37428BF5B}.Release|Any CPU.ActiveCfg = Release|Any CPU
		{DEA7EB50-85D1-4078-85D6-59D37428BF5B}.Release|Any CPU.Build.0 = Release|Any CPU
	EndGlobalSection
	GlobalSection(SolutionProperties) = preSolution
		HideSolutionNode = FALSE
	EndGlobalSection
	GlobalSection(ExtensibilityGlobals) = postSolution
		SolutionGuid = {C0019296-3D4E-4EB2-9EF6-A0881FF00072}
	EndGlobalSection
EndGlobal
